
Microsoft Visual Studio Solution File, Format Version 12.00
# Visual Studio 15
VisualStudioVersion = 15.0.28010.2048
MinimumVisualStudioVersion = 10.0.40219.1
Project("{FAE04EC0-301F-11D3-BF4B-00C04F79EFBC}") = "MyFirstWcfApp", "MyFirstWcfApp\MyFirstWcfApp.csproj", "{AEFEC9FA-B786-4633-82D8-5691904D375B}"
EndProject
Global
	GlobalSection(SolutionConfigurationPlatforms) = preSolution
		Debug|Any CPU = Debug|Any CPU
		Release|Any CPU = Release|Any CPU
	EndGlobalSection
	GlobalSection(ProjectConfigurationPlatforms) = postSolution
		{AEFEC9FA-B786-4633-82D8-5691904D375B}.Debug|Any CPU.ActiveCfg = Debug|Any CPU
		{AEFEC9FA-B786-4633-82D8-5691904D375B}.Debug|Any CPU.Build.0 = Debug|Any CPU
		{AEFEC9FA-B786-4633-82D8-5691904D375B}.Release|Any CPU.ActiveCfg = Release|Any CPU
		{AEFEC9FA-B786-4633-82D8-5691904D375B}.Release|Any CPU.Build.0 = Release|Any CPU
	EndGlobalSection
	GlobalSection(SolutionProperties) = preSolution
		HideSolutionNode = FALSE
	EndGlobalSection
	GlobalSection(ExtensibilityGlobals) = postSolution
		SolutionGuid = {170C8B07-687C-43B5-850E-A8C3B4747954}
	EndGlobalSection
EndGlobal
